
Microsoft Visual Studio Solution File, Format Version 12.00
# Visual Studio Version 17
VisualStudioVersion = 17.4.33205.214
MinimumVisualStudioVersion = 10.0.40219.1
Project("{9A19103F-16F7-4668-BE54-9A1E7A4F7556}") = "VOD.Admin.UI", "VOD.Admin.UI\VOD.Admin.UI.csproj", "{2962D3F3-1828-4CA2-A643-4656E49422AF}"
EndProject
Project("{9A19103F-16F7-4668-BE54-9A1E7A4F7556}") = "VOD.Common", "VOD.Common\VOD.Common.csproj", "{3FC43B16-A0C0-42E0-90D8-901320C2CF0B}"
EndProject
Project("{9A19103F-16F7-4668-BE54-9A1E7A4F7556}") = "VOD.Membership.Database", "VOD.Membership.Database\VOD.Membership.Database.csproj", "{BBE5D611-C845-4384-81AC-CF1D12506493}"
EndProject
Project("{9A19103F-16F7-4668-BE54-9A1E7A4F7556}") = "VOD.Membership.API", "VOD.Membership.API\VOD.Membership.API.csproj", "{61CEE038-E8A0-4D1E-B95B-62399BBDBCE9}"
EndProject
Project("{9A19103F-16F7-4668-BE54-9A1E7A4F7556}") = "VDO.Membership.UI", "VDO.Membership.UI\VDO.Membership.UI.csproj", "{A46BAC15-964B-4A0D-97A8-1EFB31C526EF}"
EndProject
Project("{9A19103F-16F7-4668-BE54-9A1E7A4F7556}") = "VOD.Users.Database", "VOD.Users.Database\VOD.Users.Database.csproj", "{9F8A3CC6-2342-443D-A234-19CECF90C63D}"
EndProject
Project("{9A19103F-16F7-4668-BE54-9A1E7A4F7556}") = "VOD.Users.API", "VOD.Users.API\VOD.Users.API.csproj", "{013522B9-1EEA-4990-B51F-037F328BC8D2}"
EndProject
Global
	GlobalSection(SolutionConfigurationPlatforms) = preSolution
		Debug|Any CPU = Debug|Any CPU
		Release|Any CPU = Release|Any CPU
	EndGlobalSection
	GlobalSection(ProjectConfigurationPlatforms) = postSolution
		{2962D3F3-1828-4CA2-A643-4656E49422AF}.Debug|Any CPU.ActiveCfg = Debug|Any CPU
		{2962D3F3-1828-4CA2-A643-4656E49422AF}.Debug|Any CPU.Build.0 = Debug|Any CPU
		{2962D3F3-1828-4CA2-A643-4656E49422AF}.Release|Any CPU.ActiveCfg = Release|Any CPU
		{2962D3F3-1828-4CA2-A643-4656E49422AF}.Release|Any CPU.Build.0 = Release|Any CPU
		{3FC43B16-A0C0-42E0-90D8-901320C2CF0B}.Debug|Any CPU.ActiveCfg = Debug|Any CPU
		{3FC43B16-A0C0-42E0-90D8-901320C2CF0B}.Debug|Any CPU.Build.0 = Debug|Any CPU
		{3FC43B16-A0C0-42E0-90D8-901320C2CF0B}.Release|Any CPU.ActiveCfg = Release|Any CPU
		{3FC43B16-A0C0-42E0-90D8-901320C2CF0B}.Release|Any CPU.Build.0 = Release|Any CPU
		{BBE5D611-C845-4384-81AC-CF1D12506493}.Debug|Any CPU.ActiveCfg = Debug|Any CPU
		{BBE5D611-C845-4384-81AC-CF1D12506493}.Debug|Any CPU.Build.0 = Debug|Any CPU
		{BBE5D611-C845-4384-81AC-CF1D12506493}.Release|Any CPU.ActiveCfg = Release|Any CPU
		{BBE5D611-C845-4384-81AC-CF1D12506493}.Release|Any CPU.Build.0 = Release|Any CPU
		{61CEE038-E8A0-4D1E-B95B-62399BBDBCE9}.Debug|Any CPU.ActiveCfg = Debug|Any CPU
		{61CEE038-E8A0-4D1E-B95B-62399BBDBCE9}.Debug|Any CPU.Build.0 = Debug|Any CPU
		{61CEE038-E8A0-4D1E-B95B-62399BBDBCE9}.Release|Any CPU.ActiveCfg = Release|Any CPU
		{61CEE038-E8A0-4D1E-B95B-62399BBDBCE9}.Release|Any CPU.Build.0 = Release|Any CPU
		{A46BAC15-964B-4A0D-97A8-1EFB31C526EF}.Debug|Any CPU.ActiveCfg = Debug|Any CPU
		{A46BAC15-964B-4A0D-97A8-1EFB31C526EF}.Debug|Any CPU.Build.0 = Debug|Any CPU
		{A46BAC15-964B-4A0D-97A8-1EFB31C526EF}.Release|Any CPU.ActiveCfg = Release|Any CPU
		{A46BAC15-964B-4A0D-97A8-1EFB31C526EF}.Release|Any CPU.Build.0 = Release|Any CPU
		{9F8A3CC6-2342-443D-A234-19CECF90C63D}.Debug|Any CPU.ActiveCfg = Debug|Any CPU
		{9F8A3CC6-2342-443D-A234-19CECF90C63D}.Debug|Any CPU.Build.0 = Debug|Any CPU
		{9F8A3CC6-2342-443D-A234-19CECF90C63D}.Release|Any CPU.ActiveCfg = Release|Any CPU
		{9F8A3CC6-2342-443D-A234-19CECF90C63D}.Release|Any CPU.Build.0 = Release|Any CPU
		{013522B9-1EEA-4990-B51F-037F328BC8D2}.Debug|Any CPU.ActiveCfg = Debug|Any CPU
		{013522B9-1EEA-4990-B51F-037F328BC8D2}.Debug|Any CPU.Build.0 = Debug|Any CPU
		{013522B9-1EEA-4990-B51F-037F328BC8D2}.Release|Any CPU.ActiveCfg = Release|Any CPU
		{013522B9-1EEA-4990-B51F-037F328BC8D2}.Release|Any CPU.Build.0 = Release|Any CPU
	EndGlobalSection
	GlobalSection(SolutionProperties) = preSolution
		HideSolutionNode = FALSE
	EndGlobalSection
	GlobalSection(ExtensibilityGlobals) = postSolution
		SolutionGuid = {245567DE-0B3A-48CB-8523-3B969A7AF5EF}
	EndGlobalSection
EndGlobal
